
Microsoft Visual Studio Solution File, Format Version 12.00
# Visual Studio Version 17
VisualStudioVersion = 17.10.35027.167
MinimumVisualStudioVersion = 10.0.40219.1
Project("{FAE04EC0-301F-11D3-BF4B-00C04F79EFBC}") = "BusTrackingSystem", "BusTrackingSystem\BusTrackingSystem.csproj", "{47638D56-E998-43FD-87DF-46C6CADC1B57}"
EndProject
Global
	GlobalSection(SolutionConfigurationPlatforms) = preSolution
		Debug|Any CPU = Debug|Any CPU
		Release|Any CPU = Release|Any CPU
	EndGlobalSection
	GlobalSection(ProjectConfigurationPlatforms) = postSolution
		{47638D56-E998-43FD-87DF-46C6CADC1B57}.Debug|Any CPU.ActiveCfg = Debug|Any CPU
		{47638D56-E998-43FD-87DF-46C6CADC1B57}.Debug|Any CPU.Build.0 = Debug|Any CPU
		{47638D56-E998-43FD-87DF-46C6CADC1B57}.Release|Any CPU.ActiveCfg = Release|Any CPU
		{47638D56-E998-43FD-87DF-46C6CADC1B57}.Release|Any CPU.Build.0 = Release|Any CPU
	EndGlobalSection
	GlobalSection(SolutionProperties) = preSolution
		HideSolutionNode = FALSE
	EndGlobalSection
	GlobalSection(ExtensibilityGlobals) = postSolution
		SolutionGuid = {98499F9B-B10B-4E51-8F50-FB2A18AAA2A2}
	EndGlobalSection
EndGlobal
